// !$*UTF8*$!
{
	archiveVersion = 1;
	classes = {
	};
	objectVersion = 56;
	objects = {

/* Begin PBXBuildFile section */
		F82DB5242B2D792700C1619B /* AppDelegate.swift in Sources */ = {isa = PBXBuildFile; fileRef = F82DB5232B2D792700C1619B /* AppDelegate.swift */; };
		F82DB5262B2D792700C1619B /* SceneDelegate.swift in Sources */ = {isa = PBXBuildFile; fileRef = F82DB5252B2D792700C1619B /* SceneDelegate.swift */; };
		F82DB52B2B2D792700C1619B /* Main.storyboard in Resources */ = {isa = PBXBuildFile; fileRef = F82DB5292B2D792700C1619B /* Main.storyboard */; };
		F82DB52D2B2D792900C1619B /* Assets.xcassets in Resources */ = {isa = PBXBuildFile; fileRef = F82DB52C2B2D792900C1619B /* Assets.xcassets */; };
		F82DB5302B2D792900C1619B /* LaunchScreen.storyboard in Resources */ = {isa = PBXBuildFile; fileRef = F82DB52E2B2D792900C1619B /* LaunchScreen.storyboard */; };
		F82DB53B2B2D792900C1619B /* NearbuyAppTests.swift in Sources */ = {isa = PBXBuildFile; fileRef = F82DB53A2B2D792900C1619B /* NearbuyAppTests.swift */; };
		F82DB5452B2D792900C1619B /* NearbuyAppUITests.swift in Sources */ = {isa = PBXBuildFile; fileRef = F82DB5442B2D792900C1619B /* NearbuyAppUITests.swift */; };
		F82DB5472B2D792900C1619B /* NearbuyAppUITestsLaunchTests.swift in Sources */ = {isa = PBXBuildFile; fileRef = F82DB5462B2D792900C1619B /* NearbuyAppUITestsLaunchTests.swift */; };
		F82DB5562B2D79EA00C1619B /* WebViewController.swift in Sources */ = {isa = PBXBuildFile; fileRef = F82DB5542B2D79EA00C1619B /* WebViewController.swift */; };
		F82DB5572B2D79EA00C1619B /* WebViewController.xib in Resources */ = {isa = PBXBuildFile; fileRef = F82DB5552B2D79EA00C1619B /* WebViewController.xib */; };
		F82DB55B2B2D7A4B00C1619B /* UITableView+Extension.swift in Sources */ = {isa = PBXBuildFile; fileRef = F82DB55A2B2D7A4B00C1619B /* UITableView+Extension.swift */; };
		F82DB55D2B2D7AB300C1619B /* UITableViewCell+Extension.swift in Sources */ = {isa = PBXBuildFile; fileRef = F82DB55C2B2D7AB300C1619B /* UITableViewCell+Extension.swift */; };
		F82DB55F2B2D7B0400C1619B /* NSObject+Extension.swift in Sources */ = {isa = PBXBuildFile; fileRef = F82DB55E2B2D7B0400C1619B /* NSObject+Extension.swift */; };
		F82DB5612B2D7B1600C1619B /* UIActivityIndicatorView+Extension.swift in Sources */ = {isa = PBXBuildFile; fileRef = F82DB5602B2D7B1600C1619B /* UIActivityIndicatorView+Extension.swift */; };
		F82DB5632B2D7B2800C1619B /* Optional+Extension.swift in Sources */ = {isa = PBXBuildFile; fileRef = F82DB5622B2D7B2800C1619B /* Optional+Extension.swift */; };
		F82DB5652B2D7C2200C1619B /* Encodable+Extension.swift in Sources */ = {isa = PBXBuildFile; fileRef = F82DB5642B2D7C2200C1619B /* Encodable+Extension.swift */; };
		F82DB5672B2D7C7400C1619B /* Array+Extension.swift in Sources */ = {isa = PBXBuildFile; fileRef = F82DB5662B2D7C7400C1619B /* Array+Extension.swift */; };
		F82DB56A2B2D7D4500C1619B /* NetworkingManager.swift in Sources */ = {isa = PBXBuildFile; fileRef = F82DB5692B2D7D4500C1619B /* NetworkingManager.swift */; };
		F82DB56C2B2D7D7A00C1619B /* NetworkError.swift in Sources */ = {isa = PBXBuildFile; fileRef = F82DB56B2B2D7D7A00C1619B /* NetworkError.swift */; };
		F82DB56F2B2D7D9600C1619B /* ApiConstants.swift in Sources */ = {isa = PBXBuildFile; fileRef = F82DB56E2B2D7D9600C1619B /* ApiConstants.swift */; };
		F82DB5712B2D800900C1619B /* GeneralUtil.swift in Sources */ = {isa = PBXBuildFile; fileRef = F82DB5702B2D800900C1619B /* GeneralUtil.swift */; };
		F82DB57B2B2D80EA00C1619B /* VenueListTableViewCell.swift in Sources */ = {isa = PBXBuildFile; fileRef = F82DB5792B2D80EA00C1619B /* VenueListTableViewCell.swift */; };
		F82DB57C2B2D80EA00C1619B /* VenueListTableViewCell.xib in Resources */ = {isa = PBXBuildFile; fileRef = F82DB57A2B2D80EA00C1619B /* VenueListTableViewCell.xib */; };
		F82DB57F2B2D820800C1619B /* VenueListViewModel.swift in Sources */ = {isa = PBXBuildFile; fileRef = F82DB57E2B2D820800C1619B /* VenueListViewModel.swift */; };
		F82DB5812B2D821800C1619B /* VenueListViewModelProtocol.swift in Sources */ = {isa = PBXBuildFile; fileRef = F82DB5802B2D821800C1619B /* VenueListViewModelProtocol.swift */; };
		F82DB5852B2D847E00C1619B /* VenueListRequestDTO.swift in Sources */ = {isa = PBXBuildFile; fileRef = F82DB5842B2D847E00C1619B /* VenueListRequestDTO.swift */; };
		F82DB5872B2D865500C1619B /* VenueSearchApiProtocol.swift in Sources */ = {isa = PBXBuildFile; fileRef = F82DB5862B2D865500C1619B /* VenueSearchApiProtocol.swift */; };
		F82DB5892B2D868300C1619B /* VenueSearchApiService.swift in Sources */ = {isa = PBXBuildFile; fileRef = F82DB5882B2D868300C1619B /* VenueSearchApiService.swift */; };
		F82DB58B2B2D886200C1619B /* VenueListResponseDTO.swift in Sources */ = {isa = PBXBuildFile; fileRef = F82DB58A2B2D886200C1619B /* VenueListResponseDTO.swift */; };
		F82DB58E2B2D91FA00C1619B /* VenueListViewController.swift in Sources */ = {isa = PBXBuildFile; fileRef = F82DB58C2B2D91FA00C1619B /* VenueListViewController.swift */; };
		F82DB58F2B2D91FA00C1619B /* VenueListViewController.xib in Resources */ = {isa = PBXBuildFile; fileRef = F82DB58D2B2D91FA00C1619B /* VenueListViewController.xib */; };
/* End PBXBuildFile section */

/* Begin PBXContainerItemProxy section */
		F82DB5372B2D792900C1619B /* PBXContainerItemProxy */ = {
			isa = PBXContainerItemProxy;
			containerPortal = F82DB5182B2D792700C1619B /* Project object */;
			proxyType = 1;
			remoteGlobalIDString = F82DB51F2B2D792700C1619B;
			remoteInfo = NearbuyApp;
		};
		F82DB5412B2D792900C1619B /* PBXContainerItemProxy */ = {
			isa = PBXContainerItemProxy;
			containerPortal = F82DB5182B2D792700C1619B /* Project object */;
			proxyType = 1;
			remoteGlobalIDString = F82DB51F2B2D792700C1619B;
			remoteInfo = NearbuyApp;
		};
/* End PBXContainerItemProxy section */

/* Begin PBXFileReference section */
		F82DB5202B2D792700C1619B /* NearbuyApp.app */ = {isa = PBXFileReference; explicitFileType = wrapper.application; includeInIndex = 0; path = NearbuyApp.app; sourceTree = BUILT_PRODUCTS_DIR; };
		F82DB5232B2D792700C1619B /* AppDelegate.swift */ = {isa = PBXFileReference; lastKnownFileType = sourcecode.swift; path = AppDelegate.swift; sourceTree = "<group>"; };
		F82DB5252B2D792700C1619B /* SceneDelegate.swift */ = {isa = PBXFileReference; lastKnownFileType = sourcecode.swift; path = SceneDelegate.swift; sourceTree = "<group>"; };
		F82DB52A2B2D792700C1619B /* Base */ = {isa = PBXFileReference; lastKnownFileType = file.storyboard; name = Base; path = Base.lproj/Main.storyboard; sourceTree = "<group>"; };
		F82DB52C2B2D792900C1619B /* Assets.xcassets */ = {isa = PBXFileReference; lastKnownFileType = folder.assetcatalog; path = Assets.xcassets; sourceTree = "<group>"; };
		F82DB52F2B2D792900C1619B /* Base */ = {isa = PBXFileReference; lastKnownFileType = file.storyboard; name = Base; path = Base.lproj/LaunchScreen.storyboard; sourceTree = "<group>"; };
		F82DB5312B2D792900C1619B /* Info.plist */ = {isa = PBXFileReference; lastKnownFileType = text.plist.xml; path = Info.plist; sourceTree = "<group>"; };
		F82DB5362B2D792900C1619B /* NearbuyAppTests.xctest */ = {isa = PBXFileReference; explicitFileType = wrapper.cfbundle; includeInIndex = 0; path = NearbuyAppTests.xctest; sourceTree = BUILT_PRODUCTS_DIR; };
		F82DB53A2B2D792900C1619B /* NearbuyAppTests.swift */ = {isa = PBXFileReference; lastKnownFileType = sourcecode.swift; path = NearbuyAppTests.swift; sourceTree = "<group>"; };
		F82DB5402B2D792900C1619B /* NearbuyAppUITests.xctest */ = {isa = PBXFileReference; explicitFileType = wrapper.cfbundle; includeInIndex = 0; path = NearbuyAppUITests.xctest; sourceTree = BUILT_PRODUCTS_DIR; };
		F82DB5442B2D792900C1619B /* NearbuyAppUITests.swift */ = {isa = PBXFileReference; lastKnownFileType = sourcecode.swift; path = NearbuyAppUITests.swift; sourceTree = "<group>"; };
		F82DB5462B2D792900C1619B /* NearbuyAppUITestsLaunchTests.swift */ = {isa = PBXFileReference; lastKnownFileType = sourcecode.swift; path = NearbuyAppUITestsLaunchTests.swift; sourceTree = "<group>"; };
		F82DB5542B2D79EA00C1619B /* WebViewController.swift */ = {isa = PBXFileReference; lastKnownFileType = sourcecode.swift; path = WebViewController.swift; sourceTree = "<group>"; };
		F82DB5552B2D79EA00C1619B /* WebViewController.xib */ = {isa = PBXFileReference; lastKnownFileType = file.xib; path = WebViewController.xib; sourceTree = "<group>"; };
		F82DB55A2B2D7A4B00C1619B /* UITableView+Extension.swift */ = {isa = PBXFileReference; lastKnownFileType = sourcecode.swift; path = "UITableView+Extension.swift"; sourceTree = "<group>"; };
		F82DB55C2B2D7AB300C1619B /* UITableViewCell+Extension.swift */ = {isa = PBXFileReference; lastKnownFileType = sourcecode.swift; path = "UITableViewCell+Extension.swift"; sourceTree = "<group>"; };
		F82DB55E2B2D7B0400C1619B /* NSObject+Extension.swift */ = {isa = PBXFileReference; lastKnownFileType = sourcecode.swift; path = "NSObject+Extension.swift"; sourceTree = "<group>"; };
		F82DB5602B2D7B1600C1619B /* UIActivityIndicatorView+Extension.swift */ = {isa = PBXFileReference; lastKnownFileType = sourcecode.swift; path = "UIActivityIndicatorView+Extension.swift"; sourceTree = "<group>"; };
		F82DB5622B2D7B2800C1619B /* Optional+Extension.swift */ = {isa = PBXFileReference; lastKnownFileType = sourcecode.swift; path = "Optional+Extension.swift"; sourceTree = "<group>"; };
		F82DB5642B2D7C2200C1619B /* Encodable+Extension.swift */ = {isa = PBXFileReference; lastKnownFileType = sourcecode.swift; path = "Encodable+Extension.swift"; sourceTree = "<group>"; };
		F82DB5662B2D7C7400C1619B /* Array+Extension.swift */ = {isa = PBXFileReference; lastKnownFileType = sourcecode.swift; path = "Array+Extension.swift"; sourceTree = "<group>"; };
		F82DB5692B2D7D4500C1619B /* NetworkingManager.swift */ = {isa = PBXFileReference; lastKnownFileType = sourcecode.swift; path = NetworkingManager.swift; sourceTree = "<group>"; };
		F82DB56B2B2D7D7A00C1619B /* NetworkError.swift */ = {isa = PBXFileReference; lastKnownFileType = sourcecode.swift; path = NetworkError.swift; sourceTree = "<group>"; };
		F82DB56E2B2D7D9600C1619B /* ApiConstants.swift */ = {isa = PBXFileReference; lastKnownFileType = sourcecode.swift; path = ApiConstants.swift; sourceTree = "<group>"; };
		F82DB5702B2D800900C1619B /* GeneralUtil.swift */ = {isa = PBXFileReference; lastKnownFileType = sourcecode.swift; path = GeneralUtil.swift; sourceTree = "<group>"; };
		F82DB5792B2D80EA00C1619B /* VenueListTableViewCell.swift */ = {isa = PBXFileReference; lastKnownFileType = sourcecode.swift; path = VenueListTableViewCell.swift; sourceTree = "<group>"; };
		F82DB57A2B2D80EA00C1619B /* VenueListTableViewCell.xib */ = {isa = PBXFileReference; lastKnownFileType = file.xib; path = VenueListTableViewCell.xib; sourceTree = "<group>"; };
		F82DB57E2B2D820800C1619B /* VenueListViewModel.swift */ = {isa = PBXFileReference; lastKnownFileType = sourcecode.swift; path = VenueListViewModel.swift; sourceTree = "<group>"; };
		F82DB5802B2D821800C1619B /* VenueListViewModelProtocol.swift */ = {isa = PBXFileReference; lastKnownFileType = sourcecode.swift; path = VenueListViewModelProtocol.swift; sourceTree = "<group>"; };
		F82DB5842B2D847E00C1619B /* VenueListRequestDTO.swift */ = {isa = PBXFileReference; lastKnownFileType = sourcecode.swift; path = VenueListRequestDTO.swift; sourceTree = "<group>"; };
		F82DB5862B2D865500C1619B /* VenueSearchApiProtocol.swift */ = {isa = PBXFileReference; lastKnownFileType = sourcecode.swift; path = VenueSearchApiProtocol.swift; sourceTree = "<group>"; };
		F82DB5882B2D868300C1619B /* VenueSearchApiService.swift */ = {isa = PBXFileReference; lastKnownFileType = sourcecode.swift; path = VenueSearchApiService.swift; sourceTree = "<group>"; };
		F82DB58A2B2D886200C1619B /* VenueListResponseDTO.swift */ = {isa = PBXFileReference; lastKnownFileType = sourcecode.swift; path = VenueListResponseDTO.swift; sourceTree = "<group>"; };
		F82DB58C2B2D91FA00C1619B /* VenueListViewController.swift */ = {isa = PBXFileReference; lastKnownFileType = sourcecode.swift; path = VenueListViewController.swift; sourceTree = "<group>"; };
		F82DB58D2B2D91FA00C1619B /* VenueListViewController.xib */ = {isa = PBXFileReference; lastKnownFileType = file.xib; path = VenueListViewController.xib; sourceTree = "<group>"; };
/* End PBXFileReference section */

/* Begin PBXFrameworksBuildPhase section */
		F82DB51D2B2D792700C1619B /* Frameworks */ = {
			isa = PBXFrameworksBuildPhase;
			buildActionMask = 2147483647;
			files = (
			);
			runOnlyForDeploymentPostprocessing = 0;
		};
		F82DB5332B2D792900C1619B /* Frameworks */ = {
			isa = PBXFrameworksBuildPhase;
			buildActionMask = 2147483647;
			files = (
			);
			runOnlyForDeploymentPostprocessing = 0;
		};
		F82DB53D2B2D792900C1619B /* Frameworks */ = {
			isa = PBXFrameworksBuildPhase;
			buildActionMask = 2147483647;
			files = (
			);
			runOnlyForDeploymentPostprocessing = 0;
		};
/* End PBXFrameworksBuildPhase section */

/* Begin PBXGroup section */
		F82DB5172B2D792700C1619B = {
			isa = PBXGroup;
			children = (
				F82DB5222B2D792700C1619B /* NearbuyApp */,
				F82DB5392B2D792900C1619B /* NearbuyAppTests */,
				F82DB5432B2D792900C1619B /* NearbuyAppUITests */,
				F82DB5212B2D792700C1619B /* Products */,
			);
			sourceTree = "<group>";
		};
		F82DB5212B2D792700C1619B /* Products */ = {
			isa = PBXGroup;
			children = (
				F82DB5202B2D792700C1619B /* NearbuyApp.app */,
				F82DB5362B2D792900C1619B /* NearbuyAppTests.xctest */,
				F82DB5402B2D792900C1619B /* NearbuyAppUITests.xctest */,
			);
			name = Products;
			sourceTree = "<group>";
		};
		F82DB5222B2D792700C1619B /* NearbuyApp */ = {
			isa = PBXGroup;
			children = (
				F82DB5722B2D804100C1619B /* VenuesList */,
				F82DB5582B2D7A2400C1619B /* SupportingResources */,
				F82DB5532B2D79C300C1619B /* WebView */,
				F82DB5232B2D792700C1619B /* AppDelegate.swift */,
				F82DB5252B2D792700C1619B /* SceneDelegate.swift */,
				F82DB5292B2D792700C1619B /* Main.storyboard */,
				F82DB52C2B2D792900C1619B /* Assets.xcassets */,
				F82DB52E2B2D792900C1619B /* LaunchScreen.storyboard */,
				F82DB5312B2D792900C1619B /* Info.plist */,
			);
			path = NearbuyApp;
			sourceTree = "<group>";
		};
		F82DB5392B2D792900C1619B /* NearbuyAppTests */ = {
			isa = PBXGroup;
			children = (
				F82DB53A2B2D792900C1619B /* NearbuyAppTests.swift */,
			);
			path = NearbuyAppTests;
			sourceTree = "<group>";
		};
		F82DB5432B2D792900C1619B /* NearbuyAppUITests */ = {
			isa = PBXGroup;
			children = (
				F82DB5442B2D792900C1619B /* NearbuyAppUITests.swift */,
				F82DB5462B2D792900C1619B /* NearbuyAppUITestsLaunchTests.swift */,
			);
			path = NearbuyAppUITests;
			sourceTree = "<group>";
		};
		F82DB5532B2D79C300C1619B /* WebView */ = {
			isa = PBXGroup;
			children = (
				F82DB5542B2D79EA00C1619B /* WebViewController.swift */,
				F82DB5552B2D79EA00C1619B /* WebViewController.xib */,
			);
			path = WebView;
			sourceTree = "<group>";
		};
		F82DB5582B2D7A2400C1619B /* SupportingResources */ = {
			isa = PBXGroup;
			children = (
				F82DB56D2B2D7D8B00C1619B /* Constants */,
				F82DB5682B2D7C8400C1619B /* Networking */,
				F82DB5592B2D7A3800C1619B /* Extensions */,
				F82DB5702B2D800900C1619B /* GeneralUtil.swift */,
			);
			path = SupportingResources;
			sourceTree = "<group>";
		};
		F82DB5592B2D7A3800C1619B /* Extensions */ = {
			isa = PBXGroup;
			children = (
				F82DB55A2B2D7A4B00C1619B /* UITableView+Extension.swift */,
				F82DB55C2B2D7AB300C1619B /* UITableViewCell+Extension.swift */,
				F82DB55E2B2D7B0400C1619B /* NSObject+Extension.swift */,
				F82DB5602B2D7B1600C1619B /* UIActivityIndicatorView+Extension.swift */,
				F82DB5622B2D7B2800C1619B /* Optional+Extension.swift */,
				F82DB5642B2D7C2200C1619B /* Encodable+Extension.swift */,
				F82DB5662B2D7C7400C1619B /* Array+Extension.swift */,
			);
			path = Extensions;
			sourceTree = "<group>";
		};
		F82DB5682B2D7C8400C1619B /* Networking */ = {
			isa = PBXGroup;
			children = (
				F82DB5692B2D7D4500C1619B /* NetworkingManager.swift */,
				F82DB56B2B2D7D7A00C1619B /* NetworkError.swift */,
			);
			path = Networking;
			sourceTree = "<group>";
		};
		F82DB56D2B2D7D8B00C1619B /* Constants */ = {
			isa = PBXGroup;
			children = (
				F82DB56E2B2D7D9600C1619B /* ApiConstants.swift */,
			);
			path = Constants;
			sourceTree = "<group>";
		};
		F82DB5722B2D804100C1619B /* VenuesList */ = {
			isa = PBXGroup;
			children = (
				F82DB5832B2D826A00C1619B /* Model */,
				F82DB5822B2D826400C1619B /* Service */,
				F82DB57D2B2D81F000C1619B /* ViewModel */,
				F82DB5782B2D80C200C1619B /* Cells */,
				F82DB5732B2D806800C1619B /* ViewController */,
			);
			path = VenuesList;
			sourceTree = "<group>";
		};
		F82DB5732B2D806800C1619B /* ViewController */ = {
			isa = PBXGroup;
			children = (
				F82DB58C2B2D91FA00C1619B /* VenueListViewController.swift */,
				F82DB58D2B2D91FA00C1619B /* VenueListViewController.xib */,
			);
			path = ViewController;
			sourceTree = "<group>";
		};
		F82DB5782B2D80C200C1619B /* Cells */ = {
			isa = PBXGroup;
			children = (
				F82DB5792B2D80EA00C1619B /* VenueListTableViewCell.swift */,
				F82DB57A2B2D80EA00C1619B /* VenueListTableViewCell.xib */,
			);
			path = Cells;
			sourceTree = "<group>";
		};
		F82DB57D2B2D81F000C1619B /* ViewModel */ = {
			isa = PBXGroup;
			children = (
				F82DB57E2B2D820800C1619B /* VenueListViewModel.swift */,
				F82DB5802B2D821800C1619B /* VenueListViewModelProtocol.swift */,
			);
			path = ViewModel;
			sourceTree = "<group>";
		};
		F82DB5822B2D826400C1619B /* Service */ = {
			isa = PBXGroup;
			children = (
				F82DB5862B2D865500C1619B /* VenueSearchApiProtocol.swift */,
				F82DB5882B2D868300C1619B /* VenueSearchApiService.swift */,
			);
			path = Service;
			sourceTree = "<group>";
		};
		F82DB5832B2D826A00C1619B /* Model */ = {
			isa = PBXGroup;
			children = (
				F82DB5842B2D847E00C1619B /* VenueListRequestDTO.swift */,
				F82DB58A2B2D886200C1619B /* VenueListResponseDTO.swift */,
			);
			path = Model;
			sourceTree = "<group>";
		};
/* End PBXGroup section */

/* Begin PBXNativeTarget section */
		F82DB51F2B2D792700C1619B /* NearbuyApp */ = {
			isa = PBXNativeTarget;
			buildConfigurationList = F82DB54A2B2D792900C1619B /* Build configuration list for PBXNativeTarget "NearbuyApp" */;
			buildPhases = (
				F82DB51C2B2D792700C1619B /* Sources */,
				F82DB51D2B2D792700C1619B /* Frameworks */,
				F82DB51E2B2D792700C1619B /* Resources */,
			);
			buildRules = (
			);
			dependencies = (
			);
			name = NearbuyApp;
			productName = NearbuyApp;
			productReference = F82DB5202B2D792700C1619B /* NearbuyApp.app */;
			productType = "com.apple.product-type.application";
		};
		F82DB5352B2D792900C1619B /* NearbuyAppTests */ = {
			isa = PBXNativeTarget;
			buildConfigurationList = F82DB54D2B2D792900C1619B /* Build configuration list for PBXNativeTarget "NearbuyAppTests" */;
			buildPhases = (
				F82DB5322B2D792900C1619B /* Sources */,
				F82DB5332B2D792900C1619B /* Frameworks */,
				F82DB5342B2D792900C1619B /* Resources */,
			);
			buildRules = (
			);
			dependencies = (
				F82DB5382B2D792900C1619B /* PBXTargetDependency */,
			);
			name = NearbuyAppTests;
			productName = NearbuyAppTests;
			productReference = F82DB5362B2D792900C1619B /* NearbuyAppTests.xctest */;
			productType = "com.apple.product-type.bundle.unit-test";
		};
		F82DB53F2B2D792900C1619B /* NearbuyAppUITests */ = {
			isa = PBXNativeTarget;
			buildConfigurationList = F82DB5502B2D792900C1619B /* Build configuration list for PBXNativeTarget "NearbuyAppUITests" */;
			buildPhases = (
				F82DB53C2B2D792900C1619B /* Sources */,
				F82DB53D2B2D792900C1619B /* Frameworks */,
				F82DB53E2B2D792900C1619B /* Resources */,
			);
			buildRules = (
			);
			dependencies = (
				F82DB5422B2D792900C1619B /* PBXTargetDependency */,
			);
			name = NearbuyAppUITests;
			productName = NearbuyAppUITests;
			productReference = F82DB5402B2D792900C1619B /* NearbuyAppUITests.xctest */;
			productType = "com.apple.product-type.bundle.ui-testing";
		};
/* End PBXNativeTarget section */

/* Begin PBXProject section */
		F82DB5182B2D792700C1619B /* Project object */ = {
			isa = PBXProject;
			attributes = {
				BuildIndependentTargetsInParallel = 1;
				LastSwiftUpdateCheck = 1500;
				LastUpgradeCheck = 1500;
				TargetAttributes = {
					F82DB51F2B2D792700C1619B = {
						CreatedOnToolsVersion = 15.0.1;
					};
					F82DB5352B2D792900C1619B = {
						CreatedOnToolsVersion = 15.0.1;
						TestTargetID = F82DB51F2B2D792700C1619B;
					};
					F82DB53F2B2D792900C1619B = {
						CreatedOnToolsVersion = 15.0.1;
						TestTargetID = F82DB51F2B2D792700C1619B;
					};
				};
			};
			buildConfigurationList = F82DB51B2B2D792700C1619B /* Build configuration list for PBXProject "NearbuyApp" */;
			compatibilityVersion = "Xcode 14.0";
			developmentRegion = en;
			hasScannedForEncodings = 0;
			knownRegions = (
				en,
				Base,
			);
			mainGroup = F82DB5172B2D792700C1619B;
			productRefGroup = F82DB5212B2D792700C1619B /* Products */;
			projectDirPath = "";
			projectRoot = "";
			targets = (
				F82DB51F2B2D792700C1619B /* NearbuyApp */,
				F82DB5352B2D792900C1619B /* NearbuyAppTests */,
				F82DB53F2B2D792900C1619B /* NearbuyAppUITests */,
			);
		};
/* End PBXProject section */

/* Begin PBXResourcesBuildPhase section */
		F82DB51E2B2D792700C1619B /* Resources */ = {
			isa = PBXResourcesBuildPhase;
			buildActionMask = 2147483647;
			files = (
				F82DB58F2B2D91FA00C1619B /* VenueListViewController.xib in Resources */,
				F82DB5302B2D792900C1619B /* LaunchScreen.storyboard in Resources */,
				F82DB52D2B2D792900C1619B /* Assets.xcassets in Resources */,
				F82DB52B2B2D792700C1619B /* Main.storyboard in Resources */,
				F82DB5572B2D79EA00C1619B /* WebViewController.xib in Resources */,
				F82DB57C2B2D80EA00C1619B /* VenueListTableViewCell.xib in Resources */,
			);
			runOnlyForDeploymentPostprocessing = 0;
		};
		F82DB5342B2D792900C1619B /* Resources */ = {
			isa = PBXResourcesBuildPhase;
			buildActionMask = 2147483647;
			files = (
			);
			runOnlyForDeploymentPostprocessing = 0;
		};
		F82DB53E2B2D792900C1619B /* Resources */ = {
			isa = PBXResourcesBuildPhase;
			buildActionMask = 2147483647;
			files = (
			);
			runOnlyForDeploymentPostprocessing = 0;
		};
/* End PBXResourcesBuildPhase section */

/* Begin PBXSourcesBuildPhase section */
		F82DB51C2B2D792700C1619B /* Sources */ = {
			isa = PBXSourcesBuildPhase;
			buildActionMask = 2147483647;
			files = (
				F82DB57F2B2D820800C1619B /* VenueListViewModel.swift in Sources */,
				F82DB56F2B2D7D9600C1619B /* ApiConstants.swift in Sources */,
				F82DB5852B2D847E00C1619B /* VenueListRequestDTO.swift in Sources */,
				F82DB55D2B2D7AB300C1619B /* UITableViewCell+Extension.swift in Sources */,
				F82DB55B2B2D7A4B00C1619B /* UITableView+Extension.swift in Sources */,
				F82DB5672B2D7C7400C1619B /* Array+Extension.swift in Sources */,
				F82DB5712B2D800900C1619B /* GeneralUtil.swift in Sources */,
				F82DB5652B2D7C2200C1619B /* Encodable+Extension.swift in Sources */,
				F82DB5242B2D792700C1619B /* AppDelegate.swift in Sources */,
				F82DB58B2B2D886200C1619B /* VenueListResponseDTO.swift in Sources */,
				F82DB5632B2D7B2800C1619B /* Optional+Extension.swift in Sources */,
				F82DB58E2B2D91FA00C1619B /* VenueListViewController.swift in Sources */,
				F82DB5262B2D792700C1619B /* SceneDelegate.swift in Sources */,
				F82DB5612B2D7B1600C1619B /* UIActivityIndicatorView+Extension.swift in Sources */,
				F82DB56A2B2D7D4500C1619B /* NetworkingManager.swift in Sources */,
				F82DB56C2B2D7D7A00C1619B /* NetworkError.swift in Sources */,
				F82DB5892B2D868300C1619B /* VenueSearchApiService.swift in Sources */,
				F82DB57B2B2D80EA00C1619B /* VenueListTableViewCell.swift in Sources */,
				F82DB5562B2D79EA00C1619B /* WebViewController.swift in Sources */,
				F82DB5872B2D865500C1619B /* VenueSearchApiProtocol.swift in Sources */,
				F82DB55F2B2D7B0400C1619B /* NSObject+Extension.swift in Sources */,
				F82DB5812B2D821800C1619B /* VenueListViewModelProtocol.swift in Sources */,
			);
			runOnlyForDeploymentPostprocessing = 0;
		};
		F82DB5322B2D792900C1619B /* Sources */ = {
			isa = PBXSourcesBuildPhase;
			buildActionMask = 2147483647;
			files = (
				F82DB53B2B2D792900C1619B /* NearbuyAppTests.swift in Sources */,
			);
			runOnlyForDeploymentPostprocessing = 0;
		};
		F82DB53C2B2D792900C1619B /* Sources */ = {
			isa = PBXSourcesBuildPhase;
			buildActionMask = 2147483647;
			files = (
				F82DB5452B2D792900C1619B /* NearbuyAppUITests.swift in Sources */,
				F82DB5472B2D792900C1619B /* NearbuyAppUITestsLaunchTests.swift in Sources */,
			);
			runOnlyForDeploymentPostprocessing = 0;
		};
/* End PBXSourcesBuildPhase section */

/* Begin PBXTargetDependency section */
		F82DB5382B2D792900C1619B /* PBXTargetDependency */ = {
			isa = PBXTargetDependency;
			target = F82DB51F2B2D792700C1619B /* NearbuyApp */;
			targetProxy = F82DB5372B2D792900C1619B /* PBXContainerItemProxy */;
		};
		F82DB5422B2D792900C1619B /* PBXTargetDependency */ = {
			isa = PBXTargetDependency;
			target = F82DB51F2B2D792700C1619B /* NearbuyApp */;
			targetProxy = F82DB5412B2D792900C1619B /* PBXContainerItemProxy */;
		};
/* End PBXTargetDependency section */

/* Begin PBXVariantGroup section */
		F82DB5292B2D792700C1619B /* Main.storyboard */ = {
			isa = PBXVariantGroup;
			children = (
				F82DB52A2B2D792700C1619B /* Base */,
			);
			name = Main.storyboard;
			sourceTree = "<group>";
		};
		F82DB52E2B2D792900C1619B /* LaunchScreen.storyboard */ = {
			isa = PBXVariantGroup;
			children = (
				F82DB52F2B2D792900C1619B /* Base */,
			);
			name = LaunchScreen.storyboard;
			sourceTree = "<group>";
		};
/* End PBXVariantGroup section */

/* Begin XCBuildConfiguration section */
		F82DB5482B2D792900C1619B /* Debug */ = {
			isa = XCBuildConfiguration;
			buildSettings = {
				ALWAYS_SEARCH_USER_PATHS = NO;
				ASSETCATALOG_COMPILER_GENERATE_SWIFT_ASSET_SYMBOL_EXTENSIONS = YES;
				CLANG_ANALYZER_NONNULL = YES;
				CLANG_ANALYZER_NUMBER_OBJECT_CONVERSION = YES_AGGRESSIVE;
				CLANG_CXX_LANGUAGE_STANDARD = "gnu++20";
				CLANG_ENABLE_MODULES = YES;
				CLANG_ENABLE_OBJC_ARC = YES;
				CLANG_ENABLE_OBJC_WEAK = YES;
				CLANG_WARN_BLOCK_CAPTURE_AUTORELEASING = YES;
				CLANG_WARN_BOOL_CONVERSION = YES;
				CLANG_WARN_COMMA = YES;
				CLANG_WARN_CONSTANT_CONVERSION = YES;
				CLANG_WARN_DEPRECATED_OBJC_IMPLEMENTATIONS = YES;
				CLANG_WARN_DIRECT_OBJC_ISA_USAGE = YES_ERROR;
				CLANG_WARN_DOCUMENTATION_COMMENTS = YES;
				CLANG_WARN_EMPTY_BODY = YES;
				CLANG_WARN_ENUM_CONVERSION = YES;
				CLANG_WARN_INFINITE_RECURSION = YES;
				CLANG_WARN_INT_CONVERSION = YES;
				CLANG_WARN_NON_LITERAL_NULL_CONVERSION = YES;
				CLANG_WARN_OBJC_IMPLICIT_RETAIN_SELF = YES;
				CLANG_WARN_OBJC_LITERAL_CONVERSION = YES;
				CLANG_WARN_OBJC_ROOT_CLASS = YES_ERROR;
				CLANG_WARN_QUOTED_INCLUDE_IN_FRAMEWORK_HEADER = YES;
				CLANG_WARN_RANGE_LOOP_ANALYSIS = YES;
				CLANG_WARN_STRICT_PROTOTYPES = YES;
				CLANG_WARN_SUSPICIOUS_MOVE = YES;
				CLANG_WARN_UNGUARDED_AVAILABILITY = YES_AGGRESSIVE;
				CLANG_WARN_UNREACHABLE_CODE = YES;
				CLANG_WARN__DUPLICATE_METHOD_MATCH = YES;
				COPY_PHASE_STRIP = NO;
				DEBUG_INFORMATION_FORMAT = dwarf;
				ENABLE_STRICT_OBJC_MSGSEND = YES;
				ENABLE_TESTABILITY = YES;
				ENABLE_USER_SCRIPT_SANDBOXING = YES;
				GCC_C_LANGUAGE_STANDARD = gnu17;
				GCC_DYNAMIC_NO_PIC = NO;
				GCC_NO_COMMON_BLOCKS = YES;
				GCC_OPTIMIZATION_LEVEL = 0;
				GCC_PREPROCESSOR_DEFINITIONS = (
					"DEBUG=1",
					"$(inherited)",
				);
				GCC_WARN_64_TO_32_BIT_CONVERSION = YES;
				GCC_WARN_ABOUT_RETURN_TYPE = YES_ERROR;
				GCC_WARN_UNDECLARED_SELECTOR = YES;
				GCC_WARN_UNINITIALIZED_AUTOS = YES_AGGRESSIVE;
				GCC_WARN_UNUSED_FUNCTION = YES;
				GCC_WARN_UNUSED_VARIABLE = YES;
				IPHONEOS_DEPLOYMENT_TARGET = 17.0;
				LOCALIZATION_PREFERS_STRING_CATALOGS = YES;
				MTL_ENABLE_DEBUG_INFO = INCLUDE_SOURCE;
				MTL_FAST_MATH = YES;
				ONLY_ACTIVE_ARCH = YES;
				SDKROOT = iphoneos;
				SWIFT_ACTIVE_COMPILATION_CONDITIONS = "DEBUG $(inherited)";
				SWIFT_OPTIMIZATION_LEVEL = "-Onone";
			};
			name = Debug;
		};
		F82DB5492B2D792900C1619B /* Release */ = {
			isa = XCBuildConfiguration;
			buildSettings = {
				ALWAYS_SEARCH_USER_PATHS = NO;
				ASSETCATALOG_COMPILER_GENERATE_SWIFT_ASSET_SYMBOL_EXTENSIONS = YES;
				CLANG_ANALYZER_NONNULL = YES;
				CLANG_ANALYZER_NUMBER_OBJECT_CONVERSION = YES_AGGRESSIVE;
				CLANG_CXX_LANGUAGE_STANDARD = "gnu++20";
				CLANG_ENABLE_MODULES = YES;
				CLANG_ENABLE_OBJC_ARC = YES;
				CLANG_ENABLE_OBJC_WEAK = YES;
				CLANG_WARN_BLOCK_CAPTURE_AUTORELEASING = YES;
				CLANG_WARN_BOOL_CONVERSION = YES;
				CLANG_WARN_COMMA = YES;
				CLANG_WARN_CONSTANT_CONVERSION = YES;
				CLANG_WARN_DEPRECATED_OBJC_IMPLEMENTATIONS = YES;
				CLANG_WARN_DIRECT_OBJC_ISA_USAGE = YES_ERROR;
				CLANG_WARN_DOCUMENTATION_COMMENTS = YES;
				CLANG_WARN_EMPTY_BODY = YES;
				CLANG_WARN_ENUM_CONVERSION = YES;
				CLANG_WARN_INFINITE_RECURSION = YES;
				CLANG_WARN_INT_CONVERSION = YES;
				CLANG_WARN_NON_LITERAL_NULL_CONVERSION = YES;
				CLANG_WARN_OBJC_IMPLICIT_RETAIN_SELF = YES;
				CLANG_WARN_OBJC_LITERAL_CONVERSION = YES;
				CLANG_WARN_OBJC_ROOT_CLASS = YES_ERROR;
				CLANG_WARN_QUOTED_INCLUDE_IN_FRAMEWORK_HEADER = YES;
				CLANG_WARN_RANGE_LOOP_ANALYSIS = YES;
				CLANG_WARN_STRICT_PROTOTYPES = YES;
				CLANG_WARN_SUSPICIOUS_MOVE = YES;
				CLANG_WARN_UNGUARDED_AVAILABILITY = YES_AGGRESSIVE;
				CLANG_WARN_UNREACHABLE_CODE = YES;
				CLANG_WARN__DUPLICATE_METHOD_MATCH = YES;
				COPY_PHASE_STRIP = NO;
				DEBUG_INFORMATION_FORMAT = "dwarf-with-dsym";
				ENABLE_NS_ASSERTIONS = NO;
				ENABLE_STRICT_OBJC_MSGSEND = YES;
				ENABLE_USER_SCRIPT_SANDBOXING = YES;
				GCC_C_LANGUAGE_STANDARD = gnu17;
				GCC_NO_COMMON_BLOCKS = YES;
				GCC_WARN_64_TO_32_BIT_CONVERSION = YES;
				GCC_WARN_ABOUT_RETURN_TYPE = YES_ERROR;
				GCC_WARN_UNDECLARED_SELECTOR = YES;
				GCC_WARN_UNINITIALIZED_AUTOS = YES_AGGRESSIVE;
				GCC_WARN_UNUSED_FUNCTION = YES;
				GCC_WARN_UNUSED_VARIABLE = YES;
				IPHONEOS_DEPLOYMENT_TARGET = 17.0;
				LOCALIZATION_PREFERS_STRING_CATALOGS = YES;
				MTL_ENABLE_DEBUG_INFO = NO;
				MTL_FAST_MATH = YES;
				SDKROOT = iphoneos;
				SWIFT_COMPILATION_MODE = wholemodule;
				VALIDATE_PRODUCT = YES;
			};
			name = Release;
		};
		F82DB54B2B2D792900C1619B /* Debug */ = {
			isa = XCBuildConfiguration;
			buildSettings = {
				ASSETCATALOG_COMPILER_APPICON_NAME = AppIcon;
				ASSETCATALOG_COMPILER_GLOBAL_ACCENT_COLOR_NAME = AccentColor;
				CODE_SIGN_STYLE = Automatic;
				CURRENT_PROJECT_VERSION = 1;
				DEVELOPMENT_TEAM = ZJWB5A8D6U;
				GENERATE_INFOPLIST_FILE = YES;
				INFOPLIST_FILE = NearbuyApp/Info.plist;
				INFOPLIST_KEY_UIApplicationSupportsIndirectInputEvents = YES;
				INFOPLIST_KEY_UILaunchStoryboardName = LaunchScreen;
				INFOPLIST_KEY_UIMainStoryboardFile = Main;
				INFOPLIST_KEY_UISupportedInterfaceOrientations_iPad = "UIInterfaceOrientationPortrait UIInterfaceOrientationPortraitUpsideDown UIInterfaceOrientationLandscapeLeft UIInterfaceOrientationLandscapeRight";
				INFOPLIST_KEY_UISupportedInterfaceOrientations_iPhone = "UIInterfaceOrientationPortrait UIInterfaceOrientationLandscapeLeft UIInterfaceOrientationLandscapeRight";
				LD_RUNPATH_SEARCH_PATHS = (
					"$(inherited)",
					"@executable_path/Frameworks",
				);
				MARKETING_VERSION = 1.0;
				PRODUCT_BUNDLE_IDENTIFIER = "times-internet.NearbuyApp";
				PRODUCT_NAME = "$(TARGET_NAME)";
				SWIFT_EMIT_LOC_STRINGS = YES;
				SWIFT_VERSION = 5.0;
				TARGETED_DEVICE_FAMILY = "1,2";
			};
			name = Debug;
		};
		F82DB54C2B2D792900C1619B /* Release */ = {
			isa = XCBuildConfiguration;
			buildSettings = {
				ASSETCATALOG_COMPILER_APPICON_NAME = AppIcon;
				ASSETCATALOG_COMPILER_GLOBAL_ACCENT_COLOR_NAME = AccentColor;
				CODE_SIGN_STYLE = Automatic;
				CURRENT_PROJECT_VERSION = 1;
				DEVELOPMENT_TEAM = ZJWB5A8D6U;
				GENERATE_INFOPLIST_FILE = YES;
				INFOPLIST_FILE = NearbuyApp/Info.plist;
				INFOPLIST_KEY_UIApplicationSupportsIndirectInputEvents = YES;
				INFOPLIST_KEY_UILaunchStoryboardName = LaunchScreen;
				INFOPLIST_KEY_UIMainStoryboardFile = Main;
				INFOPLIST_KEY_UISupportedInterfaceOrientations_iPad = "UIInterfaceOrientationPortrait UIInterfaceOrientationPortraitUpsideDown UIInterfaceOrientationLandscapeLeft UIInterfaceOrientationLandscapeRight";
				INFOPLIST_KEY_UISupportedInterfaceOrientations_iPhone = "UIInterfaceOrientationPortrait UIInterfaceOrientationLandscapeLeft UIInterfaceOrientationLandscapeRight";
				LD_RUNPATH_SEARCH_PATHS = (
					"$(inherited)",
					"@executable_path/Frameworks",
				);
				MARKETING_VERSION = 1.0;
				PRODUCT_BUNDLE_IDENTIFIER = "times-internet.NearbuyApp";
				PRODUCT_NAME = "$(TARGET_NAME)";
				SWIFT_EMIT_LOC_STRINGS = YES;
				SWIFT_VERSION = 5.0;
				TARGETED_DEVICE_FAMILY = "1,2";
			};
			name = Release;
		};
		F82DB54E2B2D792900C1619B /* Debug */ = {
			isa = XCBuildConfiguration;
			buildSettings = {
				ALWAYS_EMBED_SWIFT_STANDARD_LIBRARIES = YES;
				BUNDLE_LOADER = "$(TEST_HOST)";
				CODE_SIGN_STYLE = Automatic;
				CURRENT_PROJECT_VERSION = 1;
				DEVELOPMENT_TEAM = ZJWB5A8D6U;
				GENERATE_INFOPLIST_FILE = YES;
				IPHONEOS_DEPLOYMENT_TARGET = 17.0;
				MARKETING_VERSION = 1.0;
				PRODUCT_BUNDLE_IDENTIFIER = "times-internet.NearbuyAppTests";
				PRODUCT_NAME = "$(TARGET_NAME)";
				SWIFT_EMIT_LOC_STRINGS = NO;
				SWIFT_VERSION = 5.0;
				TARGETED_DEVICE_FAMILY = "1,2";
				TEST_HOST = "$(BUILT_PRODUCTS_DIR)/NearbuyApp.app/$(BUNDLE_EXECUTABLE_FOLDER_PATH)/NearbuyApp";
			};
			name = Debug;
		};
		F82DB54F2B2D792900C1619B /* Release */ = {
			isa = XCBuildConfiguration;
			buildSettings = {
				ALWAYS_EMBED_SWIFT_STANDARD_LIBRARIES = YES;
				BUNDLE_LOADER = "$(TEST_HOST)";
				CODE_SIGN_STYLE = Automatic;
				CURRENT_PROJECT_VERSION = 1;
				DEVELOPMENT_TEAM = ZJWB5A8D6U;
				GENERATE_INFOPLIST_FILE = YES;
				IPHONEOS_DEPLOYMENT_TARGET = 17.0;
				MARKETING_VERSION = 1.0;
				PRODUCT_BUNDLE_IDENTIFIER = "times-internet.NearbuyAppTests";
				PRODUCT_NAME = "$(TARGET_NAME)";
				SWIFT_EMIT_LOC_STRINGS = NO;
				SWIFT_VERSION = 5.0;
				TARGETED_DEVICE_FAMILY = "1,2";
				TEST_HOST = "$(BUILT_PRODUCTS_DIR)/NearbuyApp.app/$(BUNDLE_EXECUTABLE_FOLDER_PATH)/NearbuyApp";
			};
			name = Release;
		};
		F82DB5512B2D792900C1619B /* Debug */ = {
			isa = XCBuildConfiguration;
			buildSettings = {
				ALWAYS_EMBED_SWIFT_STANDARD_LIBRARIES = YES;
				CODE_SIGN_STYLE = Automatic;
				CURRENT_PROJECT_VERSION = 1;
				DEVELOPMENT_TEAM = ZJWB5A8D6U;
				GENERATE_INFOPLIST_FILE = YES;
				MARKETING_VERSION = 1.0;
				PRODUCT_BUNDLE_IDENTIFIER = "times-internet.NearbuyAppUITests";
				PRODUCT_NAME = "$(TARGET_NAME)";
				SWIFT_EMIT_LOC_STRINGS = NO;
				SWIFT_VERSION = 5.0;
				TARGETED_DEVICE_FAMILY = "1,2";
				TEST_TARGET_NAME = NearbuyApp;
			};
			name = Debug;
		};
		F82DB5522B2D792900C1619B /* Release */ = {
			isa = XCBuildConfiguration;
			buildSettings = {
				ALWAYS_EMBED_SWIFT_STANDARD_LIBRARIES = YES;
				CODE_SIGN_STYLE = Automatic;
				CURRENT_PROJECT_VERSION = 1;
				DEVELOPMENT_TEAM = ZJWB5A8D6U;
				GENERATE_INFOPLIST_FILE = YES;
				MARKETING_VERSION = 1.0;
				PRODUCT_BUNDLE_IDENTIFIER = "times-internet.NearbuyAppUITests";
				PRODUCT_NAME = "$(TARGET_NAME)";
				SWIFT_EMIT_LOC_STRINGS = NO;
				SWIFT_VERSION = 5.0;
				TARGETED_DEVICE_FAMILY = "1,2";
				TEST_TARGET_NAME = NearbuyApp;
			};
			name = Release;
		};
/* End XCBuildConfiguration section */

/* Begin XCConfigurationList section */
		F82DB51B2B2D792700C1619B /* Build configuration list for PBXProject "NearbuyApp" */ = {
			isa = XCConfigurationList;
			buildConfigurations = (
				F82DB5482B2D792900C1619B /* Debug */,
				F82DB5492B2D792900C1619B /* Release */,
			);
			defaultConfigurationIsVisible = 0;
			defaultConfigurationName = Release;
		};
		F82DB54A2B2D792900C1619B /* Build configuration list for PBXNativeTarget "NearbuyApp" */ = {
			isa = XCConfigurationList;
			buildConfigurations = (
				F82DB54B2B2D792900C1619B /* Debug */,
				F82DB54C2B2D792900C1619B /* Release */,
			);
			defaultConfigurationIsVisible = 0;
			defaultConfigurationName = Release;
		};
		F82DB54D2B2D792900C1619B /* Build configuration list for PBXNativeTarget "NearbuyAppTests" */ = {
			isa = XCConfigurationList;
			buildConfigurations = (
				F82DB54E2B2D792900C1619B /* Debug */,
				F82DB54F2B2D792900C1619B /* Release */,
			);
			defaultConfigurationIsVisible = 0;
			defaultConfigurationName = Release;
		};
		F82DB5502B2D792900C1619B /* Build configuration list for PBXNativeTarget "NearbuyAppUITests" */ = {
			isa = XCConfigurationList;
			buildConfigurations = (
				F82DB5512B2D792900C1619B /* Debug */,
				F82DB5522B2D792900C1619B /* Release */,
			);
			defaultConfigurationIsVisible = 0;
			defaultConfigurationName = Release;
		};
/* End XCConfigurationList section */
	};
	rootObject = F82DB5182B2D792700C1619B /* Project object */;
}
